
Microsoft Visual Studio Solution File, Format Version 12.00
# Visual Studio Version 16
VisualStudioVersion = 16.0.29509.3
MinimumVisualStudioVersion = 10.0.40219.1
Project("{9A19103F-16F7-4668-BE54-9A1E7A4F7556}") = "Tcp.NET.Server", "Tcp.NET.Server\Tcp.NET.Server.csproj", "{467DBA04-BE0E-4679-864B-ED32E77BB31A}"
EndProject
Project("{9A19103F-16F7-4668-BE54-9A1E7A4F7556}") = "Tcp.NET.Client", "Tcp.NET.Client\Tcp.NET.Client.csproj", "{B411B758-DFED-4CAB-9023-E61EC2FB02D3}"
EndProject
Project("{9A19103F-16F7-4668-BE54-9A1E7A4F7556}") = "Tcp.NET", "Tcp.NET\Tcp.NET.csproj", "{30A7A9E2-048E-41B0-9D81-2AAA3EC3C92A}"
EndProject
Project("{9A19103F-16F7-4668-BE54-9A1E7A4F7556}") = "Tcp.NET.Core", "Tcp.NET.Core\Tcp.NET.Core.csproj", "{DF60316C-4CBC-4201-BD3E-18116E2CF45E}"
EndProject
Project("{9A19103F-16F7-4668-BE54-9A1E7A4F7556}") = "Tcp.NET.Server.Auth", "Tcp.NET.Server.Auth\Tcp.NET.Server.Auth.csproj", "{43967C2E-694B-43D0-AA89-65B0F5236128}"
EndProject
Project("{9A19103F-16F7-4668-BE54-9A1E7A4F7556}") = "Tcp.NET.Core.SSL", "Tcp.NET.Core.SSL\Tcp.NET.Core.SSL.csproj", "{1371F0F6-AB6D-4CCA-BE22-F50BD5D4B170}"
EndProject
Project("{9A19103F-16F7-4668-BE54-9A1E7A4F7556}") = "Tcp.NET.Server.SSL", "Tcp.NET.Server.SSL\Tcp.NET.Server.SSL.csproj", "{88F6EBEA-BFBE-4ECC-9122-5E65A9511384}"
EndProject
Project("{9A19103F-16F7-4668-BE54-9A1E7A4F7556}") = "Tcp.NET.Client.SSL", "Tcp.NET.Client.SSL\Tcp.NET.Client.SSL.csproj", "{B44BFC28-2F65-4369-AAC8-04509CC267C8}"
EndProject
Project("{9A19103F-16F7-4668-BE54-9A1E7A4F7556}") = "Tcp.NET.Server.SSL.Auth", "Tcp.NET.Server.SSL.Auth\Tcp.NET.Server.SSL.Auth.csproj", "{72027388-4D00-4DBF-94F4-9DB98579759C}"
EndProject
Global
	GlobalSection(SolutionConfigurationPlatforms) = preSolution
		Debug|Any CPU = Debug|Any CPU
		Release|Any CPU = Release|Any CPU
	EndGlobalSection
	GlobalSection(ProjectConfigurationPlatforms) = postSolution
		{467DBA04-BE0E-4679-864B-ED32E77BB31A}.Debug|Any CPU.ActiveCfg = Debug|Any CPU
		{467DBA04-BE0E-4679-864B-ED32E77BB31A}.Debug|Any CPU.Build.0 = Debug|Any CPU
		{467DBA04-BE0E-4679-864B-ED32E77BB31A}.Release|Any CPU.ActiveCfg = Release|Any CPU
		{467DBA04-BE0E-4679-864B-ED32E77BB31A}.Release|Any CPU.Build.0 = Release|Any CPU
		{B411B758-DFED-4CAB-9023-E61EC2FB02D3}.Debug|Any CPU.ActiveCfg = Debug|Any CPU
		{B411B758-DFED-4CAB-9023-E61EC2FB02D3}.Debug|Any CPU.Build.0 = Debug|Any CPU
		{B411B758-DFED-4CAB-9023-E61EC2FB02D3}.Release|Any CPU.ActiveCfg = Release|Any CPU
		{B411B758-DFED-4CAB-9023-E61EC2FB02D3}.Release|Any CPU.Build.0 = Release|Any CPU
		{30A7A9E2-048E-41B0-9D81-2AAA3EC3C92A}.Debug|Any CPU.ActiveCfg = Debug|Any CPU
		{30A7A9E2-048E-41B0-9D81-2AAA3EC3C92A}.Debug|Any CPU.Build.0 = Debug|Any CPU
		{30A7A9E2-048E-41B0-9D81-2AAA3EC3C92A}.Release|Any CPU.ActiveCfg = Release|Any CPU
		{30A7A9E2-048E-41B0-9D81-2AAA3EC3C92A}.Release|Any CPU.Build.0 = Release|Any CPU
		{DF60316C-4CBC-4201-BD3E-18116E2CF45E}.Debug|Any CPU.ActiveCfg = Debug|Any CPU
		{DF60316C-4CBC-4201-BD3E-18116E2CF45E}.Debug|Any CPU.Build.0 = Debug|Any CPU
		{DF60316C-4CBC-4201-BD3E-18116E2CF45E}.Release|Any CPU.ActiveCfg = Release|Any CPU
		{DF60316C-4CBC-4201-BD3E-18116E2CF45E}.Release|Any CPU.Build.0 = Release|Any CPU
		{43967C2E-694B-43D0-AA89-65B0F5236128}.Debug|Any CPU.ActiveCfg = Debug|Any CPU
		{43967C2E-694B-43D0-AA89-65B0F5236128}.Debug|Any CPU.Build.0 = Debug|Any CPU
		{43967C2E-694B-43D0-AA89-65B0F5236128}.Release|Any CPU.ActiveCfg = Release|Any CPU
		{43967C2E-694B-43D0-AA89-65B0F5236128}.Release|Any CPU.Build.0 = Release|Any CPU
		{1371F0F6-AB6D-4CCA-BE22-F50BD5D4B170}.Debug|Any CPU.ActiveCfg = Debug|Any CPU
		{1371F0F6-AB6D-4CCA-BE22-F50BD5D4B170}.Debug|Any CPU.Build.0 = Debug|Any CPU
		{1371F0F6-AB6D-4CCA-BE22-F50BD5D4B170}.Release|Any CPU.ActiveCfg = Release|Any CPU
		{1371F0F6-AB6D-4CCA-BE22-F50BD5D4B170}.Release|Any CPU.Build.0 = Release|Any CPU
		{88F6EBEA-BFBE-4ECC-9122-5E65A9511384}.Debug|Any CPU.ActiveCfg = Debug|Any CPU
		{88F6EBEA-BFBE-4ECC-9122-5E65A9511384}.Debug|Any CPU.Build.0 = Debug|Any CPU
		{88F6EBEA-BFBE-4ECC-9122-5E65A9511384}.Release|Any CPU.ActiveCfg = Release|Any CPU
		{88F6EBEA-BFBE-4ECC-9122-5E65A9511384}.Release|Any CPU.Build.0 = Release|Any CPU
		{B44BFC28-2F65-4369-AAC8-04509CC267C8}.Debug|Any CPU.ActiveCfg = Debug|Any CPU
		{B44BFC28-2F65-4369-AAC8-04509CC267C8}.Debug|Any CPU.Build.0 = Debug|Any CPU
		{B44BFC28-2F65-4369-AAC8-04509CC267C8}.Release|Any CPU.ActiveCfg = Release|Any CPU
		{B44BFC28-2F65-4369-AAC8-04509CC267C8}.Release|Any CPU.Build.0 = Release|Any CPU
		{72027388-4D00-4DBF-94F4-9DB98579759C}.Debug|Any CPU.ActiveCfg = Debug|Any CPU
		{72027388-4D00-4DBF-94F4-9DB98579759C}.Debug|Any CPU.Build.0 = Debug|Any CPU
		{72027388-4D00-4DBF-94F4-9DB98579759C}.Release|Any CPU.ActiveCfg = Release|Any CPU
		{72027388-4D00-4DBF-94F4-9DB98579759C}.Release|Any CPU.Build.0 = Release|Any CPU
	EndGlobalSection
	GlobalSection(SolutionProperties) = preSolution
		HideSolutionNode = FALSE
	EndGlobalSection
	GlobalSection(ExtensibilityGlobals) = postSolution
		SolutionGuid = {E9235869-C8FA-4C90-AFBF-F377E4C21553}
	EndGlobalSection
EndGlobal
