
Microsoft Visual Studio Solution File, Format Version 12.00
# Visual Studio Version 16
VisualStudioVersion = 16.0.29509.3
MinimumVisualStudioVersion = 10.0.40219.1
Project("{9A19103F-16F7-4668-BE54-9A1E7A4F7556}") = "Tcp.NET.Server", "Tcp.NET.Server\Tcp.NET.Server.csproj", "{467DBA04-BE0E-4679-864B-ED32E77BB31A}"
EndProject
Project("{9A19103F-16F7-4668-BE54-9A1E7A4F7556}") = "Tcp.NET.Client", "Tcp.NET.Client\Tcp.NET.Client.csproj", "{B411B758-DFED-4CAB-9023-E61EC2FB02D3}"
EndProject
Project("{FAE04EC0-301F-11D3-BF4B-00C04F79EFBC}") = "Tcp.NET", "Tcp.NET\Tcp.NET.csproj", "{30A7A9E2-048E-41B0-9D81-2AAA3EC3C92A}"
EndProject
Project("{9A19103F-16F7-4668-BE54-9A1E7A4F7556}") = "Tcp.NET.Core", "Tcp.NET.Core\Tcp.NET.Core.csproj", "{DF60316C-4CBC-4201-BD3E-18116E2CF45E}"
EndProject
Global
	GlobalSection(SolutionConfigurationPlatforms) = preSolution
		Debug|Any CPU = Debug|Any CPU
		Release|Any CPU = Release|Any CPU
	EndGlobalSection
	GlobalSection(ProjectConfigurationPlatforms) = postSolution
		{467DBA04-BE0E-4679-864B-ED32E77BB31A}.Debug|Any CPU.ActiveCfg = Debug|Any CPU
		{467DBA04-BE0E-4679-864B-ED32E77BB31A}.Debug|Any CPU.Build.0 = Debug|Any CPU
		{467DBA04-BE0E-4679-864B-ED32E77BB31A}.Release|Any CPU.ActiveCfg = Release|Any CPU
		{467DBA04-BE0E-4679-864B-ED32E77BB31A}.Release|Any CPU.Build.0 = Release|Any CPU
		{B411B758-DFED-4CAB-9023-E61EC2FB02D3}.Debug|Any CPU.ActiveCfg = Debug|Any CPU
		{B411B758-DFED-4CAB-9023-E61EC2FB02D3}.Debug|Any CPU.Build.0 = Debug|Any CPU
		{B411B758-DFED-4CAB-9023-E61EC2FB02D3}.Release|Any CPU.ActiveCfg = Release|Any CPU
		{B411B758-DFED-4CAB-9023-E61EC2FB02D3}.Release|Any CPU.Build.0 = Release|Any CPU
		{30A7A9E2-048E-41B0-9D81-2AAA3EC3C92A}.Debug|Any CPU.ActiveCfg = Debug|Any CPU
		{30A7A9E2-048E-41B0-9D81-2AAA3EC3C92A}.Debug|Any CPU.Build.0 = Debug|Any CPU
		{30A7A9E2-048E-41B0-9D81-2AAA3EC3C92A}.Release|Any CPU.ActiveCfg = Release|Any CPU
		{30A7A9E2-048E-41B0-9D81-2AAA3EC3C92A}.Release|Any CPU.Build.0 = Release|Any CPU
		{DF60316C-4CBC-4201-BD3E-18116E2CF45E}.Debug|Any CPU.ActiveCfg = Debug|Any CPU
		{DF60316C-4CBC-4201-BD3E-18116E2CF45E}.Debug|Any CPU.Build.0 = Debug|Any CPU
		{DF60316C-4CBC-4201-BD3E-18116E2CF45E}.Release|Any CPU.ActiveCfg = Release|Any CPU
		{DF60316C-4CBC-4201-BD3E-18116E2CF45E}.Release|Any CPU.Build.0 = Release|Any CPU
	EndGlobalSection
	GlobalSection(SolutionProperties) = preSolution
		HideSolutionNode = FALSE
	EndGlobalSection
	GlobalSection(ExtensibilityGlobals) = postSolution
		SolutionGuid = {E9235869-C8FA-4C90-AFBF-F377E4C21553}
	EndGlobalSection
EndGlobal
